
Microsoft Visual Studio Solution File, Format Version 12.00
# Visual Studio Version 17
VisualStudioVersion = 17.7.34202.233
MinimumVisualStudioVersion = 10.0.40219.1
Project("{FAE04EC0-301F-11D3-BF4B-00C04F79EFBC}") = "MusicWebAppBackend", "MusicWebAppBackend.csproj", "{C7BADA19-7A3B-4BC8-A5E9-06E0B51C1151}"
EndProject
Global
	GlobalSection(SolutionConfigurationPlatforms) = preSolution
		Debug|Any CPU = Debug|Any CPU
		Release|Any CPU = Release|Any CPU
	EndGlobalSection
	GlobalSection(ProjectConfigurationPlatforms) = postSolution
		{C7BADA19-7A3B-4BC8-A5E9-06E0B51C1151}.Debug|Any CPU.ActiveCfg = Debug|Any CPU
		{C7BADA19-7A3B-4BC8-A5E9-06E0B51C1151}.Debug|Any CPU.Build.0 = Debug|Any CPU
		{C7BADA19-7A3B-4BC8-A5E9-06E0B51C1151}.Release|Any CPU.ActiveCfg = Release|Any CPU
		{C7BADA19-7A3B-4BC8-A5E9-06E0B51C1151}.Release|Any CPU.Build.0 = Release|Any CPU
	EndGlobalSection
	GlobalSection(SolutionProperties) = preSolution
		HideSolutionNode = FALSE
	EndGlobalSection
	GlobalSection(ExtensibilityGlobals) = postSolution
		SolutionGuid = {390BD7EB-4656-4294-88D3-493425E18DDE}
	EndGlobalSection
EndGlobal
